github.com/LamkasDev/asche v0.0.0-20260410215934-d36c06ea04a8 h1:Vy3d7crbZ2nl5vixw7MkS4cfFt3+bNLTQ3kKrgk7FcM=
github.com/LamkasDev/asche v0.0.0-20260410215934-d36c06ea04a8/go.mod h1:GZGWFHbfpt8XWnUDoDhNpm9w+768JTYuBjnTfaFg0Nk=
github.com/LamkasDev/cimgui-go-vulkan v0.0.0-20260410221204-bd4ebb3a4cf0 h1:nlRO2DArCjr2eWC2rszw8tq8eYD3SFq/yrK8TVTVL2o=
github.com/LamkasDev/cimgui-go-vulkan v0.0.0-20260410221204-bd4ebb3a4cf0/go.mod h1:3UZhIOFtx4MR0q7oL/2rRPHMzXZSGewCoZgu/pbqF5g=
github.com/bpfsnoop/gapstone v0.0.0-20250326154852-7e3bee2c2f09 h1:TPzMoLxK2lYzfEewH2/3h1c+8W9mMkJ/9QyiAiaKR58=
github.com/bpfsnoop/gapstone v0.0.0-20250326154852-7e3bee2c2f09/go.mod h1:z8pjvjRs6upeW3rOvXbyAua+ngoozVZg6HwTdRsALoM=
github.com/davecgh/go-spew v1.1.1 h1:vj9j/u1bqnvCEfJOwUhtlOARqs3+rkHYY13jYWTU97c=
github.com/davecgh/go-spew v1.1.1/go.mod h1:J7Y8YcW2NihsgmVo/mv3lAwl/skON4iLHjSsI+c5H38=
github.com/elokore/glfw/v3.4/glfw v0.0.0-20251221231958-c1dc85df2170 h1:8erI7Buk8dSAVxBmQxiTnJDESbIoEesxEN8ZzjZcOE0=
github.com/elokore/glfw/v3.4/glfw v0.0.0-20251221231958-c1dc85df2170/go.mod h1:uDdZ02tbI9khxEJbHKBCgnCgbe6Wxjjf5oG9eQjvFRw=
github.com/goki/vulkan v1.0.8 h1:yx7GPP3wZOFeJ25wEneHk08fOSlUz/wxHBBCiCB1G18=
github.com/goki/vulkan v1.0.8/go.mod h1:xPwQgSdRep28xG1Tn4yysNGFORyCsAZcf9DcljIxGRs=
github.com/gookit/assert v0.1.1 h1:lh3GcawXe/p+cU7ESTZ5Ui3Sm/x8JWpIis4/1aF0mY0=
github.com/gookit/assert v0.1.1/go.mod h1:jS5bmIVQZTIwk42uXl4lyj4iaaxx32tqH16CFj0VX2E=
github.com/gookit/color v1.6.0 h1:JjJXBTk1ETNyqyilJhkTXJYYigHG24TM9Xa2M1xAhRA=
github.com/gookit/color v1.6.0/go.mod h1:9ACFc7/1IpHGBW8RwuDm/0YEnhg3dwwXpoMsmtyHfjs=
github.com/langhuihui/gomem v0.0.0-20251013004544-ee5a2a75c165 h1:lmJwCqfrlAdifn9S4zDjRKRFPhb0k4jVR4m2y2mRRC0=
github.com/langhuihui/gomem v0.0.0-20251013004544-ee5a2a75c165/go.mod h1:BTPq1+4YUP4i7w8VHzs5AUIdn3T5gXjIUXbxgHW9TIQ=
github.com/pmezard/go-difflib v1.0.0 h1:4DBwDE0NGyQoBHbLQYPwSUPoCMWR5BEzIk/f1lZbAQM=
github.com/pmezard/go-difflib v1.0.0/go.mod h1:iKH77koFhYxTK1pcRnkKkqfTogsbg7gZNVY4sRDYZ/4=
github.com/stretchr/testify v1.3.0 h1:TivCn/peBQ7UY8ooIcPgZFpTNSz0Q2U6UrFlUfqbe0Q=
github.com/stretchr/testify v1.3.0/go.mod h1:M5WIy9Dh21IEIfnGCwXGc5bZfKNJtfHm1UVUgZn+9EI=
github.com/xlab/closer v1.1.0 h1:yrDiOXjd/B7pZ3lZkl/EZ1gWrR2M2N5XpBnixynm4mc=
github.com/xlab/closer v1.1.0/go.mod h1:Ff8YcUPbn5jju6nClrMCmJHQABM0S/obEK0za/1yVMk=
github.com/xlab/linmath v0.0.0-20220922225318-40b6290c3b40 h1:FmU7+0eD5GaZzxlbNxVMiC7th7/7qHtskrkWt0ltFkU=
github.com/xlab/linmath v0.0.0-20220922225318-40b6290c3b40/go.mod h1:W1rLjlRa7JX2fcoZ4tb3ZkxuwI6pEX/JkDLPxe1/R1g=
github.com/xo/terminfo v0.0.0-20220910002029-abceb7e1c41e h1:JVG44RsyaB9T2KIHavMF/ppJZNG9ZpyihvCd0w101no=
github.com/xo/terminfo v0.0.0-20220910002029-abceb7e1c41e/go.mod h1:RbqR21r5mrJuqunuUZ/Dhy/avygyECGrLceyNeo4LiM=
go.uber.org/atomic v1.11.0 h1:ZvwS0R+56ePWxUNi+Atn9dWONBPp/AUETXlHW0DxSjE=
go.uber.org/atomic v1.11.0/go.mod h1:LUxbIzbOniOlMKjJjyPfpl4v+PKK2cNJn91OQbhoJI0=
go101.org/nstd v0.2.3 h1:bdA8csF5WXG1Be92pPw0co2REGi1j/lQd8ONIxXGDTA=
go101.org/nstd v0.2.3/go.mod h1:YUg7KaqhXgUz70QOtuF4JaVerJQKC9qbOuDbmEcD1U4=
golang.org/x/exp v0.0.0-20220909182711-5c715a9e8561 h1:MDc5xs78ZrZr3HMQugiXOAkSZtfTpbJLDr/lwfgO53E=
golang.org/x/exp v0.0.0-20220909182711-5c715a9e8561/go.mod h1:cyybsKvd6eL0RnXn6p/Grxp8F5bW7iYuBgsNCOHpMYE=
golang.org/x/sys v0.42.0 h1:omrd2nAlyT5ESRdCLYdm3+fMfNFE/+Rf4bDIQImRJeo=
golang.org/x/sys v0.42.0/go.mod h1:4GL1E5IUh+htKOUEOaiffhrAeqysfVGipDYzABqnCmw=
gopkg.in/yaml.v3 v3.0.1 h1:fxVm/GzAzEWqLHuvctI91KS9hhNmmWOoWu0XTYJS7CA=
gopkg.in/yaml.v3 v3.0.1/go.mod h1:K4uyk7z7BCEPqu6E+C64Yfv1cQ7kz7rIZviUmN+EgEM=
